
Microsoft Visual Studio Solution File, Format Version 12.00
# Visual Studio Version 17
VisualStudioVersion = 17.14.36930.0 d17.14
MinimumVisualStudioVersion = 10.0.40219.1
Project("{F184B08F-C81C-45F6-A57F-5ABD9991F28F}") = "Webbdesign Grupp 4", "Webbdesign Grupp 4\Webbdesign Grupp 4.vbproj", "{A3A3B817-E6B0-45E3-B8E0-54CBD944EFF9}"
EndProject
Global
	GlobalSection(SolutionConfigurationPlatforms) = preSolution
		Debug|Any CPU = Debug|Any CPU
		Release|Any CPU = Release|Any CPU
	EndGlobalSection
	GlobalSection(ProjectConfigurationPlatforms) = postSolution
		{A3A3B817-E6B0-45E3-B8E0-54CBD944EFF9}.Debug|Any CPU.ActiveCfg = Debug|Any CPU
		{A3A3B817-E6B0-45E3-B8E0-54CBD944EFF9}.Debug|Any CPU.Build.0 = Debug|Any CPU
		{A3A3B817-E6B0-45E3-B8E0-54CBD944EFF9}.Release|Any CPU.ActiveCfg = Release|Any CPU
		{A3A3B817-E6B0-45E3-B8E0-54CBD944EFF9}.Release|Any CPU.Build.0 = Release|Any CPU
	EndGlobalSection
	GlobalSection(SolutionProperties) = preSolution
		HideSolutionNode = FALSE
	EndGlobalSection
	GlobalSection(ExtensibilityGlobals) = postSolution
		SolutionGuid = {691A2225-E128-4527-A8B6-0E0118F3B128}
	EndGlobalSection
EndGlobal
